// !$*UTF8*$!
{
	archiveVersion = 1;
	classes = {
	};
	objectVersion = 51;
	objects = {

/* Begin PBXBuildFile section */
		CC0BFAAC24DAAD2900A9D437 /* BottomSheetViewController.swift in Sources */ = {isa = PBXBuildFile; fileRef = CC0BFAAB24DAAD2900A9D437 /* BottomSheetViewController.swift */; };
		CC384C0C24852AD0005F34AE /* FriendListViewModel.swift in Sources */ = {isa = PBXBuildFile; fileRef = CC384C0B24852AD0005F34AE /* FriendListViewModel.swift */; };
		CC384C0E24852ADB005F34AE /* UserListModel.swift in Sources */ = {isa = PBXBuildFile; fileRef = CC384C0D24852ADB005F34AE /* UserListModel.swift */; };
		CC384C1124862613005F34AE /* FriendListCell.swift in Sources */ = {isa = PBXBuildFile; fileRef = CC384C1024862613005F34AE /* FriendListCell.swift */; };
		CC4FCA0724C0207500FEE302 /* MeetingMember.swift in Sources */ = {isa = PBXBuildFile; fileRef = CC4FCA0624C0207500FEE302 /* MeetingMember.swift */; };
		CC6E7D5C2487AB070050D774 /* AddUserViewController.swift in Sources */ = {isa = PBXBuildFile; fileRef = CC6E7D5B2487AB070050D774 /* AddUserViewController.swift */; };
		CC7059ED2477B81100462251 /* AppDelegate.swift in Sources */ = {isa = PBXBuildFile; fileRef = CC7059EC2477B81100462251 /* AppDelegate.swift */; };
		CC7059EF2477B81100462251 /* SceneDelegate.swift in Sources */ = {isa = PBXBuildFile; fileRef = CC7059EE2477B81100462251 /* SceneDelegate.swift */; };
		CC7059F12477B81100462251 /* ViewController.swift in Sources */ = {isa = PBXBuildFile; fileRef = CC7059F02477B81100462251 /* ViewController.swift */; };
		CC7059F42477B81100462251 /* Main.storyboard in Resources */ = {isa = PBXBuildFile; fileRef = CC7059F22477B81100462251 /* Main.storyboard */; };
		CC7059F62477B81200462251 /* Assets.xcassets in Resources */ = {isa = PBXBuildFile; fileRef = CC7059F52477B81200462251 /* Assets.xcassets */; };
		CC7059F92477B81200462251 /* LaunchScreen.storyboard in Resources */ = {isa = PBXBuildFile; fileRef = CC7059F72477B81200462251 /* LaunchScreen.storyboard */; };
		CC705A022477BBAB00462251 /* .swiftlint.yml in Resources */ = {isa = PBXBuildFile; fileRef = CC705A012477BBAB00462251 /* .swiftlint.yml */; };
		CC705A0B2477D28800462251 /* FriendListViewController.swift in Sources */ = {isa = PBXBuildFile; fileRef = CC705A0A2477D28800462251 /* FriendListViewController.swift */; };
		CC705A0D2477D2BA00462251 /* MannaListViewController.swift in Sources */ = {isa = PBXBuildFile; fileRef = CC705A0C2477D2BA00462251 /* MannaListViewController.swift */; };
		CC705A0F2477D2D200462251 /* NotiListViewController.swift in Sources */ = {isa = PBXBuildFile; fileRef = CC705A0E2477D2D200462251 /* NotiListViewController.swift */; };
		CC705A112477D2E000462251 /* SetListViewController.swift in Sources */ = {isa = PBXBuildFile; fileRef = CC705A102477D2E000462251 /* SetListViewController.swift */; };
		CC8DB2F024CEE09B0003B3D2 /* TempViewController.swift in Sources */ = {isa = PBXBuildFile; fileRef = CC8DB2EF24CEE09B0003B3D2 /* TempViewController.swift */; };
		CC986DD124A5DB95004450B7 /* AddUserViewModel.swift in Sources */ = {isa = PBXBuildFile; fileRef = CC986DD024A5DB95004450B7 /* AddUserViewModel.swift */; };
		CCAC1F2D24B2FD28007C21ED /* UserListTestStruct.swift in Sources */ = {isa = PBXBuildFile; fileRef = CCAC1F2C24B2FD28007C21ED /* UserListTestStruct.swift */; };
		CCAD9CFE249CD06300E639BF /* FriendDetailViewController.swift in Sources */ = {isa = PBXBuildFile; fileRef = CCAD9CFD249CD06300E639BF /* FriendDetailViewController.swift */; };
		CCB0F24924C6EDDE00BBEAFC /* CheckedFriendCell.swift in Sources */ = {isa = PBXBuildFile; fileRef = CCB0F24824C6EDDE00BBEAFC /* CheckedFriendCell.swift */; };
		CCB1578624AB3D0E00D81511 /* UserTestStruct.swift in Sources */ = {isa = PBXBuildFile; fileRef = CCB1578524AB3D0E00D81511 /* UserTestStruct.swift */; };
		CCB1578924AB53B400D81511 /* SearchProtocol.swift in Sources */ = {isa = PBXBuildFile; fileRef = CCB1578824AB53B400D81511 /* SearchProtocol.swift */; };
		CCC1F7ED24BDA70700DC8BCB /* FriendsListTableView.swift in Sources */ = {isa = PBXBuildFile; fileRef = CCC1F7EC24BDA70700DC8BCB /* FriendsListTableView.swift */; };
		CCC2705224D32B19008D3C15 /* InviteFriendsViewModel.swift in Sources */ = {isa = PBXBuildFile; fileRef = CCC2705124D32B19008D3C15 /* InviteFriendsViewModel.swift */; };
		CCD1C89924C6F33900C3AE3D /* FriendsListCollectionView.swift in Sources */ = {isa = PBXBuildFile; fileRef = CCD1C89824C6F33900C3AE3D /* FriendsListCollectionView.swift */; };
		F69ED73508E16B9556FF55D3 /* Pods_Manna_iOS.framework in Frameworks */ = {isa = PBXBuildFile; fileRef = 5434F4B54E67CE37DCF01314 /* Pods_Manna_iOS.framework */; };
/* End PBXBuildFile section */

/* Begin PBXFileReference section */
		4DFAEF44CF70735D62CB19F6 /* Pods-Manna-iOS.release.xcconfig */ = {isa = PBXFileReference; includeInIndex = 1; lastKnownFileType = text.xcconfig; name = "Pods-Manna-iOS.release.xcconfig"; path = "Target Support Files/Pods-Manna-iOS/Pods-Manna-iOS.release.xcconfig"; sourceTree = "<group>"; };
		5434F4B54E67CE37DCF01314 /* Pods_Manna_iOS.framework */ = {isa = PBXFileReference; explicitFileType = wrapper.framework; includeInIndex = 0; path = Pods_Manna_iOS.framework; sourceTree = BUILT_PRODUCTS_DIR; };
		CC0BFAAB24DAAD2900A9D437 /* BottomSheetViewController.swift */ = {isa = PBXFileReference; lastKnownFileType = sourcecode.swift; path = BottomSheetViewController.swift; sourceTree = "<group>"; };
		CC384C0B24852AD0005F34AE /* FriendListViewModel.swift */ = {isa = PBXFileReference; lastKnownFileType = sourcecode.swift; path = FriendListViewModel.swift; sourceTree = "<group>"; };
		CC384C0D24852ADB005F34AE /* UserListModel.swift */ = {isa = PBXFileReference; lastKnownFileType = sourcecode.swift; path = UserListModel.swift; sourceTree = "<group>"; };
		CC384C1024862613005F34AE /* FriendListCell.swift */ = {isa = PBXFileReference; lastKnownFileType = sourcecode.swift; path = FriendListCell.swift; sourceTree = "<group>"; };
		CC4FCA0624C0207500FEE302 /* MeetingMember.swift */ = {isa = PBXFileReference; lastKnownFileType = sourcecode.swift; path = MeetingMember.swift; sourceTree = "<group>"; };
		CC6E7D5B2487AB070050D774 /* AddUserViewController.swift */ = {isa = PBXFileReference; lastKnownFileType = sourcecode.swift; path = AddUserViewController.swift; sourceTree = "<group>"; };
		CC7059E92477B81100462251 /* Manna-iOS.app */ = {isa = PBXFileReference; explicitFileType = wrapper.application; includeInIndex = 0; path = "Manna-iOS.app"; sourceTree = BUILT_PRODUCTS_DIR; };
		CC7059EC2477B81100462251 /* AppDelegate.swift */ = {isa = PBXFileReference; lastKnownFileType = sourcecode.swift; path = AppDelegate.swift; sourceTree = "<group>"; };
		CC7059EE2477B81100462251 /* SceneDelegate.swift */ = {isa = PBXFileReference; lastKnownFileType = sourcecode.swift; path = SceneDelegate.swift; sourceTree = "<group>"; };
		CC7059F02477B81100462251 /* ViewController.swift */ = {isa = PBXFileReference; lastKnownFileType = sourcecode.swift; path = ViewController.swift; sourceTree = "<group>"; };
		CC7059F32477B81100462251 /* Base */ = {isa = PBXFileReference; lastKnownFileType = file.storyboard; name = Base; path = Base.lproj/Main.storyboard; sourceTree = "<group>"; };
		CC7059F52477B81200462251 /* Assets.xcassets */ = {isa = PBXFileReference; lastKnownFileType = folder.assetcatalog; path = Assets.xcassets; sourceTree = "<group>"; };
		CC7059F82477B81200462251 /* Base */ = {isa = PBXFileReference; lastKnownFileType = file.storyboard; name = Base; path = Base.lproj/LaunchScreen.storyboard; sourceTree = "<group>"; };
		CC7059FA2477B81200462251 /* Info.plist */ = {isa = PBXFileReference; lastKnownFileType = text.plist.xml; path = Info.plist; sourceTree = "<group>"; };
		CC705A012477BBAB00462251 /* .swiftlint.yml */ = {isa = PBXFileReference; lastKnownFileType = text.yaml; path = .swiftlint.yml; sourceTree = "<group>"; };
		CC705A0A2477D28800462251 /* FriendListViewController.swift */ = {isa = PBXFileReference; lastKnownFileType = sourcecode.swift; path = FriendListViewController.swift; sourceTree = "<group>"; };
		CC705A0C2477D2BA00462251 /* MannaListViewController.swift */ = {isa = PBXFileReference; lastKnownFileType = sourcecode.swift; path = MannaListViewController.swift; sourceTree = "<group>"; };
		CC705A0E2477D2D200462251 /* NotiListViewController.swift */ = {isa = PBXFileReference; lastKnownFileType = sourcecode.swift; path = NotiListViewController.swift; sourceTree = "<group>"; };
		CC705A102477D2E000462251 /* SetListViewController.swift */ = {isa = PBXFileReference; lastKnownFileType = sourcecode.swift; path = SetListViewController.swift; sourceTree = "<group>"; };
		CC8DB2EF24CEE09B0003B3D2 /* TempViewController.swift */ = {isa = PBXFileReference; lastKnownFileType = sourcecode.swift; path = TempViewController.swift; sourceTree = "<group>"; };
		CC986DD024A5DB95004450B7 /* AddUserViewModel.swift */ = {isa = PBXFileReference; lastKnownFileType = sourcecode.swift; path = AddUserViewModel.swift; sourceTree = "<group>"; };
		CCAC1F2C24B2FD28007C21ED /* UserListTestStruct.swift */ = {isa = PBXFileReference; lastKnownFileType = sourcecode.swift; path = UserListTestStruct.swift; sourceTree = "<group>"; };
		CCAD9CFD249CD06300E639BF /* FriendDetailViewController.swift */ = {isa = PBXFileReference; lastKnownFileType = sourcecode.swift; path = FriendDetailViewController.swift; sourceTree = "<group>"; };
		CCB0F24824C6EDDE00BBEAFC /* CheckedFriendCell.swift */ = {isa = PBXFileReference; lastKnownFileType = sourcecode.swift; path = CheckedFriendCell.swift; sourceTree = "<group>"; };
		CCB1578524AB3D0E00D81511 /* UserTestStruct.swift */ = {isa = PBXFileReference; lastKnownFileType = sourcecode.swift; path = UserTestStruct.swift; sourceTree = "<group>"; };
		CCB1578824AB53B400D81511 /* SearchProtocol.swift */ = {isa = PBXFileReference; lastKnownFileType = sourcecode.swift; path = SearchProtocol.swift; sourceTree = "<group>"; };
		CCC1F7EC24BDA70700DC8BCB /* FriendsListTableView.swift */ = {isa = PBXFileReference; lastKnownFileType = sourcecode.swift; path = FriendsListTableView.swift; sourceTree = "<group>"; };
		CCC2705124D32B19008D3C15 /* InviteFriendsViewModel.swift */ = {isa = PBXFileReference; lastKnownFileType = sourcecode.swift; path = InviteFriendsViewModel.swift; sourceTree = "<group>"; };
		CCD1C89824C6F33900C3AE3D /* FriendsListCollectionView.swift */ = {isa = PBXFileReference; lastKnownFileType = sourcecode.swift; path = FriendsListCollectionView.swift; sourceTree = "<group>"; };
		F1D0975FD460DE1097C65D92 /* Pods-Manna-iOS.debug.xcconfig */ = {isa = PBXFileReference; includeInIndex = 1; lastKnownFileType = text.xcconfig; name = "Pods-Manna-iOS.debug.xcconfig"; path = "Target Support Files/Pods-Manna-iOS/Pods-Manna-iOS.debug.xcconfig"; sourceTree = "<group>"; };
/* End PBXFileReference section */

/* Begin PBXFrameworksBuildPhase section */
		CC7059E62477B81100462251 /* Frameworks */ = {
			isa = PBXFrameworksBuildPhase;
			buildActionMask = 2147483647;
			files = (
				F69ED73508E16B9556FF55D3 /* Pods_Manna_iOS.framework in Frameworks */,
			);
			runOnlyForDeploymentPostprocessing = 0;
		};
/* End PBXFrameworksBuildPhase section */

/* Begin PBXGroup section */
		39CE59F776059BD51289978C /* Pods */ = {
			isa = PBXGroup;
			children = (
				F1D0975FD460DE1097C65D92 /* Pods-Manna-iOS.debug.xcconfig */,
				4DFAEF44CF70735D62CB19F6 /* Pods-Manna-iOS.release.xcconfig */,
			);
			path = Pods;
			sourceTree = "<group>";
		};
		C983464E3A053C4E49BD787A /* Frameworks */ = {
			isa = PBXGroup;
			children = (
				5434F4B54E67CE37DCF01314 /* Pods_Manna_iOS.framework */,
			);
			name = Frameworks;
			sourceTree = "<group>";
		};
		CC384C0F248625EC005F34AE /* Components */ = {
			isa = PBXGroup;
			children = (
				CC384C1024862613005F34AE /* FriendListCell.swift */,
			);
			path = Components;
			sourceTree = "<group>";
		};
		CC6E7D5A2487AA7E0050D774 /* AddUser */ = {
			isa = PBXGroup;
			children = (
				CC6E7D5B2487AB070050D774 /* AddUserViewController.swift */,
				CC986DD024A5DB95004450B7 /* AddUserViewModel.swift */,
				CCAC1F2C24B2FD28007C21ED /* UserListTestStruct.swift */,
				CCB1578524AB3D0E00D81511 /* UserTestStruct.swift */,
			);
			path = AddUser;
			sourceTree = "<group>";
		};
		CC7059E02477B81100462251 = {
			isa = PBXGroup;
			children = (
				CC705A012477BBAB00462251 /* .swiftlint.yml */,
				CC7059EB2477B81100462251 /* Manna-iOS */,
				CC7059EA2477B81100462251 /* Products */,
				39CE59F776059BD51289978C /* Pods */,
				C983464E3A053C4E49BD787A /* Frameworks */,
			);
			sourceTree = "<group>";
		};
		CC7059EA2477B81100462251 /* Products */ = {
			isa = PBXGroup;
			children = (
				CC7059E92477B81100462251 /* Manna-iOS.app */,
			);
			name = Products;
			sourceTree = "<group>";
		};
		CC7059EB2477B81100462251 /* Manna-iOS */ = {
			isa = PBXGroup;
			children = (
				CCC1F7EE24BEE78000DC8BCB /* Component */,
				CCB1578724AB538C00D81511 /* Protocol */,
				CCB1578424AB3C3000D81511 /* Entity */,
				CC705A032477CEAA00462251 /* Presentation */,
				CC7059EC2477B81100462251 /* AppDelegate.swift */,
				CC7059EE2477B81100462251 /* SceneDelegate.swift */,
				CC7059F22477B81100462251 /* Main.storyboard */,
				CC7059F52477B81200462251 /* Assets.xcassets */,
				CC7059F72477B81200462251 /* LaunchScreen.storyboard */,
				CC7059FA2477B81200462251 /* Info.plist */,
			);
			path = "Manna-iOS";
			sourceTree = "<group>";
		};
		CC705A032477CEAA00462251 /* Presentation */ = {
			isa = PBXGroup;
			children = (
				CC705A042477CECF00462251 /* Friend List */,
				CC705A052477CEF900462251 /* Manna List */,
				CC705A062477D18100462251 /* Noti List */,
				CC705A072477D1E600462251 /* Set List */,
				CC7059F02477B81100462251 /* ViewController.swift */,
			);
			path = Presentation;
			sourceTree = "<group>";
		};
		CC705A042477CECF00462251 /* Friend List */ = {
			isa = PBXGroup;
			children = (
				CC705A0A2477D28800462251 /* FriendListViewController.swift */,
				CC384C0B24852AD0005F34AE /* FriendListViewModel.swift */,
				CC384C0F248625EC005F34AE /* Components */,
				CCAD9CFC249CD01900E639BF /* DetailUser */,
				CC6E7D5A2487AA7E0050D774 /* AddUser */,
			);
			path = "Friend List";
			sourceTree = "<group>";
		};
		CC705A052477CEF900462251 /* Manna List */ = {
			isa = PBXGroup;
			children = (
				CC705A0C2477D2BA00462251 /* MannaListViewController.swift */,
			);
			path = "Manna List";
			sourceTree = "<group>";
		};
		CC705A062477D18100462251 /* Noti List */ = {
			isa = PBXGroup;
			children = (
				CC705A0E2477D2D200462251 /* NotiListViewController.swift */,
				CCC2705124D32B19008D3C15 /* InviteFriendsViewModel.swift */,
				CCB0F24824C6EDDE00BBEAFC /* CheckedFriendCell.swift */,
			);
			path = "Noti List";
			sourceTree = "<group>";
		};
		CC705A072477D1E600462251 /* Set List */ = {
			isa = PBXGroup;
			children = (
				CC705A102477D2E000462251 /* SetListViewController.swift */,
				CC0BFAAB24DAAD2900A9D437 /* BottomSheetViewController.swift */,
			);
			path = "Set List";
			sourceTree = "<group>";
		};
		CCAD9CFC249CD01900E639BF /* DetailUser */ = {
			isa = PBXGroup;
			children = (
				CCAD9CFD249CD06300E639BF /* FriendDetailViewController.swift */,
				CC8DB2EF24CEE09B0003B3D2 /* TempViewController.swift */,
			);
			path = DetailUser;
			sourceTree = "<group>";
		};
		CCB1578424AB3C3000D81511 /* Entity */ = {
			isa = PBXGroup;
			children = (
				CC384C0D24852ADB005F34AE /* UserListModel.swift */,
				CC4FCA0624C0207500FEE302 /* MeetingMember.swift */,
			);
			path = Entity;
			sourceTree = "<group>";
		};
		CCB1578724AB538C00D81511 /* Protocol */ = {
			isa = PBXGroup;
			children = (
				CCB1578824AB53B400D81511 /* SearchProtocol.swift */,
			);
			path = Protocol;
			sourceTree = "<group>";
		};
		CCC1F7EE24BEE78000DC8BCB /* Component */ = {
			isa = PBXGroup;
			children = (
				CCC1F7EC24BDA70700DC8BCB /* FriendsListTableView.swift */,
				CCD1C89824C6F33900C3AE3D /* FriendsListCollectionView.swift */,
			);
			path = Component;
			sourceTree = "<group>";
		};
/* End PBXGroup section */

/* Begin PBXNativeTarget section */
		CC7059E82477B81100462251 /* Manna-iOS */ = {
			isa = PBXNativeTarget;
			buildConfigurationList = CC7059FD2477B81200462251 /* Build configuration list for PBXNativeTarget "Manna-iOS" */;
			buildPhases = (
				7D1391115A22FCA960986AD4 /* [CP] Check Pods Manifest.lock */,
				CC7059E52477B81100462251 /* Sources */,
				CC7059E62477B81100462251 /* Frameworks */,
				CC7059E72477B81100462251 /* Resources */,
				CC705A002477B97B00462251 /* ShellScript */,
				514A821A3FA178E66C6CD72D /* [CP] Embed Pods Frameworks */,
			);
			buildRules = (
			);
			dependencies = (
			);
			name = "Manna-iOS";
			productName = "Manna-iOS";
			productReference = CC7059E92477B81100462251 /* Manna-iOS.app */;
			productType = "com.apple.product-type.application";
		};
/* End PBXNativeTarget section */

/* Begin PBXProject section */
		CC7059E12477B81100462251 /* Project object */ = {
			isa = PBXProject;
			attributes = {
				LastSwiftUpdateCheck = 1140;
				LastUpgradeCheck = 1140;
				ORGANIZATIONNAME = "정재인";
				TargetAttributes = {
					CC7059E82477B81100462251 = {
						CreatedOnToolsVersion = 11.4;
					};
				};
			};
			buildConfigurationList = CC7059E42477B81100462251 /* Build configuration list for PBXProject "Manna-iOS" */;
			compatibilityVersion = "Xcode 9.3";
			developmentRegion = en;
			hasScannedForEncodings = 0;
			knownRegions = (
				en,
				Base,
			);
			mainGroup = CC7059E02477B81100462251;
			productRefGroup = CC7059EA2477B81100462251 /* Products */;
			projectDirPath = "";
			projectRoot = "";
			targets = (
				CC7059E82477B81100462251 /* Manna-iOS */,
			);
		};
/* End PBXProject section */

/* Begin PBXResourcesBuildPhase section */
		CC7059E72477B81100462251 /* Resources */ = {
			isa = PBXResourcesBuildPhase;
			buildActionMask = 2147483647;
			files = (
				CC705A022477BBAB00462251 /* .swiftlint.yml in Resources */,
				CC7059F92477B81200462251 /* LaunchScreen.storyboard in Resources */,
				CC7059F62477B81200462251 /* Assets.xcassets in Resources */,
				CC7059F42477B81100462251 /* Main.storyboard in Resources */,
			);
			runOnlyForDeploymentPostprocessing = 0;
		};
/* End PBXResourcesBuildPhase section */

/* Begin PBXShellScriptBuildPhase section */
		514A821A3FA178E66C6CD72D /* [CP] Embed Pods Frameworks */ = {
			isa = PBXShellScriptBuildPhase;
			buildActionMask = 2147483647;
			files = (
			);
			inputFileListPaths = (
				"${PODS_ROOT}/Target Support Files/Pods-Manna-iOS/Pods-Manna-iOS-frameworks-${CONFIGURATION}-input-files.xcfilelist",
			);
			name = "[CP] Embed Pods Frameworks";
			outputFileListPaths = (
				"${PODS_ROOT}/Target Support Files/Pods-Manna-iOS/Pods-Manna-iOS-frameworks-${CONFIGURATION}-output-files.xcfilelist",
			);
			runOnlyForDeploymentPostprocessing = 0;
			shellPath = /bin/sh;
			shellScript = "\"${PODS_ROOT}/Target Support Files/Pods-Manna-iOS/Pods-Manna-iOS-frameworks.sh\"\n";
			showEnvVarsInLog = 0;
		};
		7D1391115A22FCA960986AD4 /* [CP] Check Pods Manifest.lock */ = {
			isa = PBXShellScriptBuildPhase;
			buildActionMask = 2147483647;
			files = (
			);
			inputFileListPaths = (
			);
			inputPaths = (
				"${PODS_PODFILE_DIR_PATH}/Podfile.lock",
				"${PODS_ROOT}/Manifest.lock",
			);
			name = "[CP] Check Pods Manifest.lock";
			outputFileListPaths = (
			);
			outputPaths = (
				"$(DERIVED_FILE_DIR)/Pods-Manna-iOS-checkManifestLockResult.txt",
			);
			runOnlyForDeploymentPostprocessing = 0;
			shellPath = /bin/sh;
			shellScript = "diff \"${PODS_PODFILE_DIR_PATH}/Podfile.lock\" \"${PODS_ROOT}/Manifest.lock\" > /dev/null\nif [ $? != 0 ] ; then\n    # print error to STDERR\n    echo \"error: The sandbox is not in sync with the Podfile.lock. Run 'pod install' or update your CocoaPods installation.\" >&2\n    exit 1\nfi\n# This output is used by Xcode 'outputs' to avoid re-running this script phase.\necho \"SUCCESS\" > \"${SCRIPT_OUTPUT_FILE_0}\"\n";
			showEnvVarsInLog = 0;
		};
		CC705A002477B97B00462251 /* ShellScript */ = {
			isa = PBXShellScriptBuildPhase;
			buildActionMask = 2147483647;
			files = (
			);
			inputFileListPaths = (
			);
			inputPaths = (
			);
			outputFileListPaths = (
			);
			outputPaths = (
			);
			runOnlyForDeploymentPostprocessing = 0;
			shellPath = /bin/sh;
			shellScript = "# Type a script or drag a script file from your workspace to insert its path.\n${PODS_ROOT}/SwiftLint/swiftlint\n";
		};
/* End PBXShellScriptBuildPhase section */

/* Begin PBXSourcesBuildPhase section */
		CC7059E52477B81100462251 /* Sources */ = {
			isa = PBXSourcesBuildPhase;
			buildActionMask = 2147483647;
			files = (
				CCD1C89924C6F33900C3AE3D /* FriendsListCollectionView.swift in Sources */,
				CC6E7D5C2487AB070050D774 /* AddUserViewController.swift in Sources */,
				CCB1578924AB53B400D81511 /* SearchProtocol.swift in Sources */,
				CCC2705224D32B19008D3C15 /* InviteFriendsViewModel.swift in Sources */,
				CCB1578624AB3D0E00D81511 /* UserTestStruct.swift in Sources */,
				CCAC1F2D24B2FD28007C21ED /* UserListTestStruct.swift in Sources */,
				CC384C1124862613005F34AE /* FriendListCell.swift in Sources */,
				CCC1F7ED24BDA70700DC8BCB /* FriendsListTableView.swift in Sources */,
				CC986DD124A5DB95004450B7 /* AddUserViewModel.swift in Sources */,
				CC705A0D2477D2BA00462251 /* MannaListViewController.swift in Sources */,
				CC384C0C24852AD0005F34AE /* FriendListViewModel.swift in Sources */,
				CC705A112477D2E000462251 /* SetListViewController.swift in Sources */,
				CC384C0E24852ADB005F34AE /* UserListModel.swift in Sources */,
				CC7059F12477B81100462251 /* ViewController.swift in Sources */,
				CC0BFAAC24DAAD2900A9D437 /* BottomSheetViewController.swift in Sources */,
				CC705A0F2477D2D200462251 /* NotiListViewController.swift in Sources */,
				CC705A0B2477D28800462251 /* FriendListViewController.swift in Sources */,
				CC7059ED2477B81100462251 /* AppDelegate.swift in Sources */,
				CC8DB2F024CEE09B0003B3D2 /* TempViewController.swift in Sources */,
				CCB0F24924C6EDDE00BBEAFC /* CheckedFriendCell.swift in Sources */,
				CCAD9CFE249CD06300E639BF /* FriendDetailViewController.swift in Sources */,
				CC7059EF2477B81100462251 /* SceneDelegate.swift in Sources */,
				CC4FCA0724C0207500FEE302 /* MeetingMember.swift in Sources */,
			);
			runOnlyForDeploymentPostprocessing = 0;
		};
/* End PBXSourcesBuildPhase section */

/* Begin PBXVariantGroup section */
		CC7059F22477B81100462251 /* Main.storyboard */ = {
			isa = PBXVariantGroup;
			children = (
				CC7059F32477B81100462251 /* Base */,
			);
			name = Main.storyboard;
			sourceTree = "<group>";
		};
		CC7059F72477B81200462251 /* LaunchScreen.storyboard */ = {
			isa = PBXVariantGroup;
			children = (
				CC7059F82477B81200462251 /* Base */,
			);
			name = LaunchScreen.storyboard;
			sourceTree = "<group>";
		};
/* End PBXVariantGroup section */

/* Begin XCBuildConfiguration section */
		CC7059FB2477B81200462251 /* Debug */ = {
			isa = XCBuildConfiguration;
			buildSettings = {
				ALWAYS_SEARCH_USER_PATHS = NO;
				CLANG_ANALYZER_NONNULL = YES;
				CLANG_ANALYZER_NUMBER_OBJECT_CONVERSION = YES_AGGRESSIVE;
				CLANG_CXX_LANGUAGE_STANDARD = "gnu++14";
				CLANG_CXX_LIBRARY = "libc++";
				CLANG_ENABLE_MODULES = YES;
				CLANG_ENABLE_OBJC_ARC = YES;
				CLANG_ENABLE_OBJC_WEAK = YES;
				CLANG_WARN_BLOCK_CAPTURE_AUTORELEASING = YES;
				CLANG_WARN_BOOL_CONVERSION = YES;
				CLANG_WARN_COMMA = YES;
				CLANG_WARN_CONSTANT_CONVERSION = YES;
				CLANG_WARN_DEPRECATED_OBJC_IMPLEMENTATIONS = YES;
				CLANG_WARN_DIRECT_OBJC_ISA_USAGE = YES_ERROR;
				CLANG_WARN_DOCUMENTATION_COMMENTS = YES;
				CLANG_WARN_EMPTY_BODY = YES;
				CLANG_WARN_ENUM_CONVERSION = YES;
				CLANG_WARN_INFINITE_RECURSION = YES;
				CLANG_WARN_INT_CONVERSION = YES;
				CLANG_WARN_NON_LITERAL_NULL_CONVERSION = YES;
				CLANG_WARN_OBJC_IMPLICIT_RETAIN_SELF = YES;
				CLANG_WARN_OBJC_LITERAL_CONVERSION = YES;
				CLANG_WARN_OBJC_ROOT_CLASS = YES_ERROR;
				CLANG_WARN_RANGE_LOOP_ANALYSIS = YES;
				CLANG_WARN_STRICT_PROTOTYPES = YES;
				CLANG_WARN_SUSPICIOUS_MOVE = YES;
				CLANG_WARN_UNGUARDED_AVAILABILITY = YES_AGGRESSIVE;
				CLANG_WARN_UNREACHABLE_CODE = YES;
				CLANG_WARN__DUPLICATE_METHOD_MATCH = YES;
				COPY_PHASE_STRIP = NO;
				DEBUG_INFORMATION_FORMAT = dwarf;
				ENABLE_STRICT_OBJC_MSGSEND = YES;
				ENABLE_TESTABILITY = YES;
				GCC_C_LANGUAGE_STANDARD = gnu11;
				GCC_DYNAMIC_NO_PIC = NO;
				GCC_NO_COMMON_BLOCKS = YES;
				GCC_OPTIMIZATION_LEVEL = 0;
				GCC_PREPROCESSOR_DEFINITIONS = (
					"DEBUG=1",
					"$(inherited)",
				);
				GCC_WARN_64_TO_32_BIT_CONVERSION = YES;
				GCC_WARN_ABOUT_RETURN_TYPE = YES_ERROR;
				GCC_WARN_UNDECLARED_SELECTOR = YES;
				GCC_WARN_UNINITIALIZED_AUTOS = YES_AGGRESSIVE;
				GCC_WARN_UNUSED_FUNCTION = YES;
				GCC_WARN_UNUSED_VARIABLE = YES;
				IPHONEOS_DEPLOYMENT_TARGET = 13.4;
				MTL_ENABLE_DEBUG_INFO = INCLUDE_SOURCE;
				MTL_FAST_MATH = YES;
				ONLY_ACTIVE_ARCH = YES;
				SDKROOT = iphoneos;
				SWIFT_ACTIVE_COMPILATION_CONDITIONS = DEBUG;
				SWIFT_OPTIMIZATION_LEVEL = "-Onone";
			};
			name = Debug;
		};
		CC7059FC2477B81200462251 /* Release */ = {
			isa = XCBuildConfiguration;
			buildSettings = {
				ALWAYS_SEARCH_USER_PATHS = NO;
				CLANG_ANALYZER_NONNULL = YES;
				CLANG_ANALYZER_NUMBER_OBJECT_CONVERSION = YES_AGGRESSIVE;
				CLANG_CXX_LANGUAGE_STANDARD = "gnu++14";
				CLANG_CXX_LIBRARY = "libc++";
				CLANG_ENABLE_MODULES = YES;
				CLANG_ENABLE_OBJC_ARC = YES;
				CLANG_ENABLE_OBJC_WEAK = YES;
				CLANG_WARN_BLOCK_CAPTURE_AUTORELEASING = YES;
				CLANG_WARN_BOOL_CONVERSION = YES;
				CLANG_WARN_COMMA = YES;
				CLANG_WARN_CONSTANT_CONVERSION = YES;
				CLANG_WARN_DEPRECATED_OBJC_IMPLEMENTATIONS = YES;
				CLANG_WARN_DIRECT_OBJC_ISA_USAGE = YES_ERROR;
				CLANG_WARN_DOCUMENTATION_COMMENTS = YES;
				CLANG_WARN_EMPTY_BODY = YES;
				CLANG_WARN_ENUM_CONVERSION = YES;
				CLANG_WARN_INFINITE_RECURSION = YES;
				CLANG_WARN_INT_CONVERSION = YES;
				CLANG_WARN_NON_LITERAL_NULL_CONVERSION = YES;
				CLANG_WARN_OBJC_IMPLICIT_RETAIN_SELF = YES;
				CLANG_WARN_OBJC_LITERAL_CONVERSION = YES;
				CLANG_WARN_OBJC_ROOT_CLASS = YES_ERROR;
				CLANG_WARN_RANGE_LOOP_ANALYSIS = YES;
				CLANG_WARN_STRICT_PROTOTYPES = YES;
				CLANG_WARN_SUSPICIOUS_MOVE = YES;
				CLANG_WARN_UNGUARDED_AVAILABILITY = YES_AGGRESSIVE;
				CLANG_WARN_UNREACHABLE_CODE = YES;
				CLANG_WARN__DUPLICATE_METHOD_MATCH = YES;
				COPY_PHASE_STRIP = NO;
				DEBUG_INFORMATION_FORMAT = "dwarf-with-dsym";
				ENABLE_NS_ASSERTIONS = NO;
				ENABLE_STRICT_OBJC_MSGSEND = YES;
				GCC_C_LANGUAGE_STANDARD = gnu11;
				GCC_NO_COMMON_BLOCKS = YES;
				GCC_WARN_64_TO_32_BIT_CONVERSION = YES;
				GCC_WARN_ABOUT_RETURN_TYPE = YES_ERROR;
				GCC_WARN_UNDECLARED_SELECTOR = YES;
				GCC_WARN_UNINITIALIZED_AUTOS = YES_AGGRESSIVE;
				GCC_WARN_UNUSED_FUNCTION = YES;
				GCC_WARN_UNUSED_VARIABLE = YES;
				IPHONEOS_DEPLOYMENT_TARGET = 13.4;
				MTL_ENABLE_DEBUG_INFO = NO;
				MTL_FAST_MATH = YES;
				SDKROOT = iphoneos;
				SWIFT_COMPILATION_MODE = wholemodule;
				SWIFT_OPTIMIZATION_LEVEL = "-O";
				VALIDATE_PRODUCT = YES;
			};
			name = Release;
		};
		CC7059FE2477B81200462251 /* Debug */ = {
			isa = XCBuildConfiguration;
			baseConfigurationReference = F1D0975FD460DE1097C65D92 /* Pods-Manna-iOS.debug.xcconfig */;
			buildSettings = {
				ASSETCATALOG_COMPILER_APPICON_NAME = AppIcon;
				CODE_SIGN_STYLE = Automatic;
				DEVELOPMENT_TEAM = DH7PS64634;
				INFOPLIST_FILE = "Manna-iOS/Info.plist";
				LD_RUNPATH_SEARCH_PATHS = (
					"$(inherited)",
					"@executable_path/Frameworks",
				);
				PRODUCT_BUNDLE_IDENTIFIER = "com.Manna-iOS";
				PRODUCT_NAME = "$(TARGET_NAME)";
				SWIFT_VERSION = 5.0;
				TARGETED_DEVICE_FAMILY = "1,2";
			};
			name = Debug;
		};
		CC7059FF2477B81200462251 /* Release */ = {
			isa = XCBuildConfiguration;
			baseConfigurationReference = 4DFAEF44CF70735D62CB19F6 /* Pods-Manna-iOS.release.xcconfig */;
			buildSettings = {
				ASSETCATALOG_COMPILER_APPICON_NAME = AppIcon;
				CODE_SIGN_STYLE = Automatic;
				DEVELOPMENT_TEAM = DH7PS64634;
				INFOPLIST_FILE = "Manna-iOS/Info.plist";
				LD_RUNPATH_SEARCH_PATHS = (
					"$(inherited)",
					"@executable_path/Frameworks",
				);
				PRODUCT_BUNDLE_IDENTIFIER = "com.Manna-iOS";
				PRODUCT_NAME = "$(TARGET_NAME)";
				SWIFT_VERSION = 5.0;
				TARGETED_DEVICE_FAMILY = "1,2";
			};
			name = Release;
		};
/* End XCBuildConfiguration section */

/* Begin XCConfigurationList section */
		CC7059E42477B81100462251 /* Build configuration list for PBXProject "Manna-iOS" */ = {
			isa = XCConfigurationList;
			buildConfigurations = (
				CC7059FB2477B81200462251 /* Debug */,
				CC7059FC2477B81200462251 /* Release */,
			);
			defaultConfigurationIsVisible = 0;
			defaultConfigurationName = Release;
		};
		CC7059FD2477B81200462251 /* Build configuration list for PBXNativeTarget "Manna-iOS" */ = {
			isa = XCConfigurationList;
			buildConfigurations = (
				CC7059FE2477B81200462251 /* Debug */,
				CC7059FF2477B81200462251 /* Release */,
			);
			defaultConfigurationIsVisible = 0;
			defaultConfigurationName = Release;
		};
/* End XCConfigurationList section */
	};
	rootObject = CC7059E12477B81100462251 /* Project object */;
}
